
Microsoft Visual Studio Solution File, Format Version 12.00
# Visual Studio Version 17
VisualStudioVersion = 17.5.33502.453
MinimumVisualStudioVersion = 10.0.40219.1
Project("{9A19103F-16F7-4668-BE54-9A1E7A4F7556}") = "Task 1", "Homework #06\Task 1.csproj", "{71DC3DD2-3825-42E5-8755-456E827D86BA}"
EndProject
Project("{9A19103F-16F7-4668-BE54-9A1E7A4F7556}") = "EmployeeApp.Domain", "EmployeeApp.Domain\EmployeeApp.Domain.csproj", "{BF23B512-06F5-4311-BA94-D5D9E9BEC4FA}"
EndProject
Project("{FAE04EC0-301F-11D3-BF4B-00C04F79EFBC}") = "EmployeeApp", "EmployeeApp\EmployeeApp.csproj", "{BD57FA00-4329-49B1-891B-959FC9A3AD1C}"
EndProject
Global
	GlobalSection(SolutionConfigurationPlatforms) = preSolution
		Debug|Any CPU = Debug|Any CPU
		Release|Any CPU = Release|Any CPU
	EndGlobalSection
	GlobalSection(ProjectConfigurationPlatforms) = postSolution
		{71DC3DD2-3825-42E5-8755-456E827D86BA}.Debug|Any CPU.ActiveCfg = Debug|Any CPU
		{71DC3DD2-3825-42E5-8755-456E827D86BA}.Debug|Any CPU.Build.0 = Debug|Any CPU
		{71DC3DD2-3825-42E5-8755-456E827D86BA}.Release|Any CPU.ActiveCfg = Release|Any CPU
		{71DC3DD2-3825-42E5-8755-456E827D86BA}.Release|Any CPU.Build.0 = Release|Any CPU
		{BF23B512-06F5-4311-BA94-D5D9E9BEC4FA}.Debug|Any CPU.ActiveCfg = Debug|Any CPU
		{BF23B512-06F5-4311-BA94-D5D9E9BEC4FA}.Debug|Any CPU.Build.0 = Debug|Any CPU
		{BF23B512-06F5-4311-BA94-D5D9E9BEC4FA}.Release|Any CPU.ActiveCfg = Release|Any CPU
		{BF23B512-06F5-4311-BA94-D5D9E9BEC4FA}.Release|Any CPU.Build.0 = Release|Any CPU
		{BD57FA00-4329-49B1-891B-959FC9A3AD1C}.Debug|Any CPU.ActiveCfg = Debug|Any CPU
		{BD57FA00-4329-49B1-891B-959FC9A3AD1C}.Debug|Any CPU.Build.0 = Debug|Any CPU
		{BD57FA00-4329-49B1-891B-959FC9A3AD1C}.Release|Any CPU.ActiveCfg = Release|Any CPU
		{BD57FA00-4329-49B1-891B-959FC9A3AD1C}.Release|Any CPU.Build.0 = Release|Any CPU
	EndGlobalSection
	GlobalSection(SolutionProperties) = preSolution
		HideSolutionNode = FALSE
	EndGlobalSection
	GlobalSection(ExtensibilityGlobals) = postSolution
		SolutionGuid = {F7521E02-B788-456A-A91D-F70F4499EB73}
	EndGlobalSection
EndGlobal
